
Microsoft Visual Studio Solution File, Format Version 12.00
# Visual Studio Version 16
VisualStudioVersion = 16.0.31702.278
MinimumVisualStudioVersion = 10.0.40219.1
Project("{FAE04EC0-301F-11D3-BF4B-00C04F79EFBC}") = "Task06", "Task06\Task06.csproj", "{3F116410-4511-48A5-A348-3B7F17E89024}"
EndProject
Project("{FAE04EC0-301F-11D3-BF4B-00C04F79EFBC}") = "UWP-037", "UWP-037\UWP-037.csproj", "{0CBD889F-3E70-4D88-B703-4AE94AA1EA5D}"
EndProject
Project("{FAE04EC0-301F-11D3-BF4B-00C04F79EFBC}") = "UWP-038", "UWP-038\UWP-038.csproj", "{946F74DD-DEEC-461A-B981-47ED91FF9844}"
EndProject
Project("{FAE04EC0-301F-11D3-BF4B-00C04F79EFBC}") = "UWP-039", "UWP-039\UWP-039.csproj", "{F18B26B4-7414-431D-BFAC-AD57F8729960}"
EndProject
Project("{FAE04EC0-301F-11D3-BF4B-00C04F79EFBC}") = "UWP-040", "UWP-040\UWP-040.csproj", "{7BA32555-E49A-40B4-BF80-8BEDB017C960}"
EndProject
Project("{FAE04EC0-301F-11D3-BF4B-00C04F79EFBC}") = "UWP-041", "UWP-041\UWP-041.csproj", "{1D491E80-4424-49AB-B4B5-020F53893F81}"
EndProject
Global
	GlobalSection(SolutionConfigurationPlatforms) = preSolution
		Debug|ARM = Debug|ARM
		Debug|ARM64 = Debug|ARM64
		Debug|x64 = Debug|x64
		Debug|x86 = Debug|x86
		Release|ARM = Release|ARM
		Release|ARM64 = Release|ARM64
		Release|x64 = Release|x64
		Release|x86 = Release|x86
	EndGlobalSection
	GlobalSection(ProjectConfigurationPlatforms) = postSolution
		{3F116410-4511-48A5-A348-3B7F17E89024}.Debug|ARM.ActiveCfg = Debug|ARM
		{3F116410-4511-48A5-A348-3B7F17E89024}.Debug|ARM.Build.0 = Debug|ARM
		{3F116410-4511-48A5-A348-3B7F17E89024}.Debug|ARM.Deploy.0 = Debug|ARM
		{3F116410-4511-48A5-A348-3B7F17E89024}.Debug|ARM64.ActiveCfg = Debug|ARM64
		{3F116410-4511-48A5-A348-3B7F17E89024}.Debug|ARM64.Build.0 = Debug|ARM64
		{3F116410-4511-48A5-A348-3B7F17E89024}.Debug|ARM64.Deploy.0 = Debug|ARM64
		{3F116410-4511-48A5-A348-3B7F17E89024}.Debug|x64.ActiveCfg = Debug|x64
		{3F116410-4511-48A5-A348-3B7F17E89024}.Debug|x64.Build.0 = Debug|x64
		{3F116410-4511-48A5-A348-3B7F17E89024}.Debug|x64.Deploy.0 = Debug|x64
		{3F116410-4511-48A5-A348-3B7F17E89024}.Debug|x86.ActiveCfg = Debug|x86
		{3F116410-4511-48A5-A348-3B7F17E89024}.Debug|x86.Build.0 = Debug|x86
		{3F116410-4511-48A5-A348-3B7F17E89024}.Debug|x86.Deploy.0 = Debug|x86
		{3F116410-4511-48A5-A348-3B7F17E89024}.Release|ARM.ActiveCfg = Release|ARM
		{3F116410-4511-48A5-A348-3B7F17E89024}.Release|ARM.Build.0 = Release|ARM
		{3F116410-4511-48A5-A348-3B7F17E89024}.Release|ARM.Deploy.0 = Release|ARM
		{3F116410-4511-48A5-A348-3B7F17E89024}.Release|ARM64.ActiveCfg = Release|ARM64
		{3F116410-4511-48A5-A348-3B7F17E89024}.Release|ARM64.Build.0 = Release|ARM64
		{3F116410-4511-48A5-A348-3B7F17E89024}.Release|ARM64.Deploy.0 = Release|ARM64
		{3F116410-4511-48A5-A348-3B7F17E89024}.Release|x64.ActiveCfg = Release|x64
		{3F116410-4511-48A5-A348-3B7F17E89024}.Release|x64.Build.0 = Release|x64
		{3F116410-4511-48A5-A348-3B7F17E89024}.Release|x64.Deploy.0 = Release|x64
		{3F116410-4511-48A5-A348-3B7F17E89024}.Release|x86.ActiveCfg = Release|x86
		{3F116410-4511-48A5-A348-3B7F17E89024}.Release|x86.Build.0 = Release|x86
		{3F116410-4511-48A5-A348-3B7F17E89024}.Release|x86.Deploy.0 = Release|x86
		{0CBD889F-3E70-4D88-B703-4AE94AA1EA5D}.Debug|ARM.ActiveCfg = Debug|ARM
		{0CBD889F-3E70-4D88-B703-4AE94AA1EA5D}.Debug|ARM.Build.0 = Debug|ARM
		{0CBD889F-3E70-4D88-B703-4AE94AA1EA5D}.Debug|ARM.Deploy.0 = Debug|ARM
		{0CBD889F-3E70-4D88-B703-4AE94AA1EA5D}.Debug|ARM64.ActiveCfg = Debug|ARM64
		{0CBD889F-3E70-4D88-B703-4AE94AA1EA5D}.Debug|ARM64.Build.0 = Debug|ARM64
		{0CBD889F-3E70-4D88-B703-4AE94AA1EA5D}.Debug|ARM64.Deploy.0 = Debug|ARM64
		{0CBD889F-3E70-4D88-B703-4AE94AA1EA5D}.Debug|x64.ActiveCfg = Debug|x64
		{0CBD889F-3E70-4D88-B703-4AE94AA1EA5D}.Debug|x64.Build.0 = Debug|x64
		{0CBD889F-3E70-4D88-B703-4AE94AA1EA5D}.Debug|x64.Deploy.0 = Debug|x64
		{0CBD889F-3E70-4D88-B703-4AE94AA1EA5D}.Debug|x86.ActiveCfg = Debug|x86
		{0CBD889F-3E70-4D88-B703-4AE94AA1EA5D}.Debug|x86.Build.0 = Debug|x86
		{0CBD889F-3E70-4D88-B703-4AE94AA1EA5D}.Debug|x86.Deploy.0 = Debug|x86
		{0CBD889F-3E70-4D88-B703-4AE94AA1EA5D}.Release|ARM.ActiveCfg = Release|ARM
		{0CBD889F-3E70-4D88-B703-4AE94AA1EA5D}.Release|ARM.Build.0 = Release|ARM
		{0CBD889F-3E70-4D88-B703-4AE94AA1EA5D}.Release|ARM.Deploy.0 = Release|ARM
		{0CBD889F-3E70-4D88-B703-4AE94AA1EA5D}.Release|ARM64.ActiveCfg = Release|ARM64
		{0CBD889F-3E70-4D88-B703-4AE94AA1EA5D}.Release|ARM64.Build.0 = Release|ARM64
		{0CBD889F-3E70-4D88-B703-4AE94AA1EA5D}.Release|ARM64.Deploy.0 = Release|ARM64
		{0CBD889F-3E70-4D88-B703-4AE94AA1EA5D}.Release|x64.ActiveCfg = Release|x64
		{0CBD889F-3E70-4D88-B703-4AE94AA1EA5D}.Release|x64.Build.0 = Release|x64
		{0CBD889F-3E70-4D88-B703-4AE94AA1EA5D}.Release|x64.Deploy.0 = Release|x64
		{0CBD889F-3E70-4D88-B703-4AE94AA1EA5D}.Release|x86.ActiveCfg = Release|x86
		{0CBD889F-3E70-4D88-B703-4AE94AA1EA5D}.Release|x86.Build.0 = Release|x86
		{0CBD889F-3E70-4D88-B703-4AE94AA1EA5D}.Release|x86.Deploy.0 = Release|x86
		{946F74DD-DEEC-461A-B981-47ED91FF9844}.Debug|ARM.ActiveCfg = Debug|ARM
		{946F74DD-DEEC-461A-B981-47ED91FF9844}.Debug|ARM.Build.0 = Debug|ARM
		{946F74DD-DEEC-461A-B981-47ED91FF9844}.Debug|ARM.Deploy.0 = Debug|ARM
		{946F74DD-DEEC-461A-B981-47ED91FF9844}.Debug|ARM64.ActiveCfg = Debug|ARM64
		{946F74DD-DEEC-461A-B981-47ED91FF9844}.Debug|ARM64.Build.0 = Debug|ARM64
		{946F74DD-DEEC-461A-B981-47ED91FF9844}.Debug|ARM64.Deploy.0 = Debug|ARM64
		{946F74DD-DEEC-461A-B981-47ED91FF9844}.Debug|x64.ActiveCfg = Debug|x64
		{946F74DD-DEEC-461A-B981-47ED91FF9844}.Debug|x64.Build.0 = Debug|x64
		{946F74DD-DEEC-461A-B981-47ED91FF9844}.Debug|x64.Deploy.0 = Debug|x64
		{946F74DD-DEEC-461A-B981-47ED91FF9844}.Debug|x86.ActiveCfg = Debug|x86
		{946F74DD-DEEC-461A-B981-47ED91FF9844}.Debug|x86.Build.0 = Debug|x86
		{946F74DD-DEEC-461A-B981-47ED91FF9844}.Debug|x86.Deploy.0 = Debug|x86
		{946F74DD-DEEC-461A-B981-47ED91FF9844}.Release|ARM.ActiveCfg = Release|ARM
		{946F74DD-DEEC-461A-B981-47ED91FF9844}.Release|ARM.Build.0 = Release|ARM
		{946F74DD-DEEC-461A-B981-47ED91FF9844}.Release|ARM.Deploy.0 = Release|ARM
		{946F74DD-DEEC-461A-B981-47ED91FF9844}.Release|ARM64.ActiveCfg = Release|ARM64
		{946F74DD-DEEC-461A-B981-47ED91FF9844}.Release|ARM64.Build.0 = Release|ARM64
		{946F74DD-DEEC-461A-B981-47ED91FF9844}.Release|ARM64.Deploy.0 = Release|ARM64
		{946F74DD-DEEC-461A-B981-47ED91FF9844}.Release|x64.ActiveCfg = Release|x64
		{946F74DD-DEEC-461A-B981-47ED91FF9844}.Release|x64.Build.0 = Release|x64
		{946F74DD-DEEC-461A-B981-47ED91FF9844}.Release|x64.Deploy.0 = Release|x64
		{946F74DD-DEEC-461A-B981-47ED91FF9844}.Release|x86.ActiveCfg = Release|x86
		{946F74DD-DEEC-461A-B981-47ED91FF9844}.Release|x86.Build.0 = Release|x86
		{946F74DD-DEEC-461A-B981-47ED91FF9844}.Release|x86.Deploy.0 = Release|x86
		{F18B26B4-7414-431D-BFAC-AD57F8729960}.Debug|ARM.ActiveCfg = Debug|ARM
		{F18B26B4-7414-431D-BFAC-AD57F8729960}.Debug|ARM.Build.0 = Debug|ARM
		{F18B26B4-7414-431D-BFAC-AD57F8729960}.Debug|ARM.Deploy.0 = Debug|ARM
		{F18B26B4-7414-431D-BFAC-AD57F8729960}.Debug|ARM64.ActiveCfg = Debug|ARM64
		{F18B26B4-7414-431D-BFAC-AD57F8729960}.Debug|ARM64.Build.0 = Debug|ARM64
		{F18B26B4-7414-431D-BFAC-AD57F8729960}.Debug|ARM64.Deploy.0 = Debug|ARM64
		{F18B26B4-7414-431D-BFAC-AD57F8729960}.Debug|x64.ActiveCfg = Debug|x64
		{F18B26B4-7414-431D-BFAC-AD57F8729960}.Debug|x64.Build.0 = Debug|x64
		{F18B26B4-7414-431D-BFAC-AD57F8729960}.Debug|x64.Deploy.0 = Debug|x64
		{F18B26B4-7414-431D-BFAC-AD57F8729960}.Debug|x86.ActiveCfg = Debug|x86
		{F18B26B4-7414-431D-BFAC-AD57F8729960}.Debug|x86.Build.0 = Debug|x86
		{F18B26B4-7414-431D-BFAC-AD57F8729960}.Debug|x86.Deploy.0 = Debug|x86
		{F18B26B4-7414-431D-BFAC-AD57F8729960}.Release|ARM.ActiveCfg = Release|ARM
		{F18B26B4-7414-431D-BFAC-AD57F8729960}.Release|ARM.Build.0 = Release|ARM
		{F18B26B4-7414-431D-BFAC-AD57F8729960}.Release|ARM.Deploy.0 = Release|ARM
		{F18B26B4-7414-431D-BFAC-AD57F8729960}.Release|ARM64.ActiveCfg = Release|ARM64
		{F18B26B4-7414-431D-BFAC-AD57F8729960}.Release|ARM64.Build.0 = Release|ARM64
		{F18B26B4-7414-431D-BFAC-AD57F8729960}.Release|ARM64.Deploy.0 = Release|ARM64
		{F18B26B4-7414-431D-BFAC-AD57F8729960}.Release|x64.ActiveCfg = Release|x64
		{F18B26B4-7414-431D-BFAC-AD57F8729960}.Release|x64.Build.0 = Release|x64
		{F18B26B4-7414-431D-BFAC-AD57F8729960}.Release|x64.Deploy.0 = Release|x64
		{F18B26B4-7414-431D-BFAC-AD57F8729960}.Release|x86.ActiveCfg = Release|x86
		{F18B26B4-7414-431D-BFAC-AD57F8729960}.Release|x86.Build.0 = Release|x86
		{F18B26B4-7414-431D-BFAC-AD57F8729960}.Release|x86.Deploy.0 = Release|x86
		{7BA32555-E49A-40B4-BF80-8BEDB017C960}.Debug|ARM.ActiveCfg = Debug|ARM
		{7BA32555-E49A-40B4-BF80-8BEDB017C960}.Debug|ARM.Build.0 = Debug|ARM
		{7BA32555-E49A-40B4-BF80-8BEDB017C960}.Debug|ARM.Deploy.0 = Debug|ARM
		{7BA32555-E49A-40B4-BF80-8BEDB017C960}.Debug|ARM64.ActiveCfg = Debug|ARM64
		{7BA32555-E49A-40B4-BF80-8BEDB017C960}.Debug|ARM64.Build.0 = Debug|ARM64
		{7BA32555-E49A-40B4-BF80-8BEDB017C960}.Debug|ARM64.Deploy.0 = Debug|ARM64
		{7BA32555-E49A-40B4-BF80-8BEDB017C960}.Debug|x64.ActiveCfg = Debug|x64
		{7BA32555-E49A-40B4-BF80-8BEDB017C960}.Debug|x64.Build.0 = Debug|x64
		{7BA32555-E49A-40B4-BF80-8BEDB017C960}.Debug|x64.Deploy.0 = Debug|x64
		{7BA32555-E49A-40B4-BF80-8BEDB017C960}.Debug|x86.ActiveCfg = Debug|x86
		{7BA32555-E49A-40B4-BF80-8BEDB017C960}.Debug|x86.Build.0 = Debug|x86
		{7BA32555-E49A-40B4-BF80-8BEDB017C960}.Debug|x86.Deploy.0 = Debug|x86
		{7BA32555-E49A-40B4-BF80-8BEDB017C960}.Release|ARM.ActiveCfg = Release|ARM
		{7BA32555-E49A-40B4-BF80-8BEDB017C960}.Release|ARM.Build.0 = Release|ARM
		{7BA32555-E49A-40B4-BF80-8BEDB017C960}.Release|ARM.Deploy.0 = Release|ARM
		{7BA32555-E49A-40B4-BF80-8BEDB017C960}.Release|ARM64.ActiveCfg = Release|ARM64
		{7BA32555-E49A-40B4-BF80-8BEDB017C960}.Release|ARM64.Build.0 = Release|ARM64
		{7BA32555-E49A-40B4-BF80-8BEDB017C960}.Release|ARM64.Deploy.0 = Release|ARM64
		{7BA32555-E49A-40B4-BF80-8BEDB017C960}.Release|x64.ActiveCfg = Release|x64
		{7BA32555-E49A-40B4-BF80-8BEDB017C960}.Release|x64.Build.0 = Release|x64
		{7BA32555-E49A-40B4-BF80-8BEDB017C960}.Release|x64.Deploy.0 = Release|x64
		{7BA32555-E49A-40B4-BF80-8BEDB017C960}.Release|x86.ActiveCfg = Release|x86
		{7BA32555-E49A-40B4-BF80-8BEDB017C960}.Release|x86.Build.0 = Release|x86
		{7BA32555-E49A-40B4-BF80-8BEDB017C960}.Release|x86.Deploy.0 = Release|x86
		{1D491E80-4424-49AB-B4B5-020F53893F81}.Debug|ARM.ActiveCfg = Debug|ARM
		{1D491E80-4424-49AB-B4B5-020F53893F81}.Debug|ARM.Build.0 = Debug|ARM
		{1D491E80-4424-49AB-B4B5-020F53893F81}.Debug|ARM.Deploy.0 = Debug|ARM
		{1D491E80-4424-49AB-B4B5-020F53893F81}.Debug|ARM64.ActiveCfg = Debug|ARM64
		{1D491E80-4424-49AB-B4B5-020F53893F81}.Debug|ARM64.Build.0 = Debug|ARM64
		{1D491E80-4424-49AB-B4B5-020F53893F81}.Debug|ARM64.Deploy.0 = Debug|ARM64
		{1D491E80-4424-49AB-B4B5-020F53893F81}.Debug|x64.ActiveCfg = Debug|x64
		{1D491E80-4424-49AB-B4B5-020F53893F81}.Debug|x64.Build.0 = Debug|x64
		{1D491E80-4424-49AB-B4B5-020F53893F81}.Debug|x64.Deploy.0 = Debug|x64
		{1D491E80-4424-49AB-B4B5-020F53893F81}.Debug|x86.ActiveCfg = Debug|x86
		{1D491E80-4424-49AB-B4B5-020F53893F81}.Debug|x86.Build.0 = Debug|x86
		{1D491E80-4424-49AB-B4B5-020F53893F81}.Debug|x86.Deploy.0 = Debug|x86
		{1D491E80-4424-49AB-B4B5-020F53893F81}.Release|ARM.ActiveCfg = Release|ARM
		{1D491E80-4424-49AB-B4B5-020F53893F81}.Release|ARM.Build.0 = Release|ARM
		{1D491E80-4424-49AB-B4B5-020F53893F81}.Release|ARM.Deploy.0 = Release|ARM
		{1D491E80-4424-49AB-B4B5-020F53893F81}.Release|ARM64.ActiveCfg = Release|ARM64
		{1D491E80-4424-49AB-B4B5-020F53893F81}.Release|ARM64.Build.0 = Release|ARM64
		{1D491E80-4424-49AB-B4B5-020F53893F81}.Release|ARM64.Deploy.0 = Release|ARM64
		{1D491E80-4424-49AB-B4B5-020F53893F81}.Release|x64.ActiveCfg = Release|x64
		{1D491E80-4424-49AB-B4B5-020F53893F81}.Release|x64.Build.0 = Release|x64
		{1D491E80-4424-49AB-B4B5-020F53893F81}.Release|x64.Deploy.0 = Release|x64
		{1D491E80-4424-49AB-B4B5-020F53893F81}.Release|x86.ActiveCfg = Release|x86
		{1D491E80-4424-49AB-B4B5-020F53893F81}.Release|x86.Build.0 = Release|x86
		{1D491E80-4424-49AB-B4B5-020F53893F81}.Release|x86.Deploy.0 = Release|x86
	EndGlobalSection
	GlobalSection(SolutionProperties) = preSolution
		HideSolutionNode = FALSE
	EndGlobalSection
	GlobalSection(ExtensibilityGlobals) = postSolution
		SolutionGuid = {D111C529-5453-4FC0-96A4-7516D3BA48FA}
	EndGlobalSection
EndGlobal
